{
  "name": "vinhlong-layer-atlas",
  "version": "1.0.0",
  "lockfileVersion": 3,
  "requires": true,
  "packages": {
    "": {
      "name": "vinhlong-layer-atlas",
      "version": "1.0.0",
      "license": "MIT",
      "devDependencies": {
        "@bikehopper/node-tippecanoe": "0.3.4",
        "@versatiles/versatiles-rs": "4.6.0"
      },
      "engines": {
        "node": ">=20"
      }
    },
    "node_modules/@bikehopper/node-tippecanoe": {
      "version": "0.3.4",
      "resolved": "https://registry.npmjs.org/@bikehopper/node-tippecanoe/-/node-tippecanoe-0.3.4.tgz",
      "integrity": "sha512-Y10IijSqvalOJakX8UC6FFN6XPaASpJpSKbjT7vu7V8WmmvGEIXImrLXKQ6XaeYV/R1acg4Iek3mTjUvP4kFBw==",
      "dev": true,
      "license": "BSD-2-Clause",
      "bin": {
        "node-tippecanoe": "cli.js"
      }
    },
    "node_modules/@versatiles/versatiles-rs": {
      "version": "4.6.0",
      "resolved": "https://registry.npmjs.org/@versatiles/versatiles-rs/-/versatiles-rs-4.6.0.tgz",
      "integrity": "sha512-1lxPIs52xJpqFYgnsXchzN32vTRenZa6G3Jav1xBoPi0Um03gu84ONfDJ57Z5ibmANOI/qwkO1ThLK8CK5/Zig==",
      "dev": true,
      "license": "MIT",
      "engines": {
        "node": ">= 16"
      },
      "optionalDependencies": {
        "@versatiles/versatiles-rs-darwin-arm64": "4.6.0",
        "@versatiles/versatiles-rs-darwin-x64": "4.6.0",
        "@versatiles/versatiles-rs-linux-arm64-gnu": "4.6.0",
        "@versatiles/versatiles-rs-linux-arm64-musl": "4.6.0",
        "@versatiles/versatiles-rs-linux-x64-gnu": "4.6.0",
        "@versatiles/versatiles-rs-linux-x64-musl": "4.6.0",
        "@versatiles/versatiles-rs-win32-arm64-msvc": "4.6.0",
        "@versatiles/versatiles-rs-win32-x64-msvc": "4.6.0"
      }
    },
    "node_modules/@versatiles/versatiles-rs-darwin-arm64": {
      "version": "4.6.0",
      "resolved": "https://registry.npmjs.org/@versatiles/versatiles-rs-darwin-arm64/-/versatiles-rs-darwin-arm64-4.6.0.tgz",
      "integrity": "sha512-I1qlnULDC4AzqUnn2LwIYavupU30Xr+2685pxpfqobhGGcrdlpBGqAuDwuWnxsmfyaiz3zoi90S4XfKPpSe+gQ==",
      "cpu": [
        "arm64"
      ],
      "dev": true,
      "license": "MIT",
      "optional": true,
      "os": [
        "darwin"
      ],
      "engines": {
        "node": ">= 16"
      }
    },
    "node_modules/@versatiles/versatiles-rs-darwin-x64": {
      "version": "4.6.0",
      "resolved": "https://registry.npmjs.org/@versatiles/versatiles-rs-darwin-x64/-/versatiles-rs-darwin-x64-4.6.0.tgz",
      "integrity": "sha512-ajpWABoo7quy4d2bGw1/KsM8RFej21v2/KD0Sl7jIcG1SBlxEr4vhrtkPmpLKG6/czNgPIRhaemNXGQ3ooHpcQ==",
      "cpu": [
        "x64"
      ],
      "dev": true,
      "license": "MIT",
      "optional": true,
      "os": [
        "darwin"
      ],
      "engines": {
        "node": ">= 16"
      }
    },
    "node_modules/@versatiles/versatiles-rs-linux-arm64-gnu": {
      "version": "4.6.0",
      "resolved": "https://registry.npmjs.org/@versatiles/versatiles-rs-linux-arm64-gnu/-/versatiles-rs-linux-arm64-gnu-4.6.0.tgz",
      "integrity": "sha512-K9C3rNp00/zLtKCIwq/fRZZFR2F3GHz9D9xvPuBXE15gGDkoPBM1ninosTgZaNOvEAzznlejoLRdYJ665xfEdg==",
      "cpu": [
        "arm64"
      ],
      "dev": true,
      "license": "MIT",
      "optional": true,
      "os": [
        "linux"
      ],
      "engines": {
        "node": ">= 16"
      }
    },
    "node_modules/@versatiles/versatiles-rs-linux-arm64-musl": {
      "version": "4.6.0",
      "resolved": "https://registry.npmjs.org/@versatiles/versatiles-rs-linux-arm64-musl/-/versatiles-rs-linux-arm64-musl-4.6.0.tgz",
      "integrity": "sha512-urGuP/KGGNY7MN+w81RwEjLTBBnTn3U6yepfS24pVhhtNd0y0GCQUI4iEpR4u8tkYqhPXylNhpi1zThMOtkCBQ==",
      "cpu": [
        "arm64"
      ],
      "dev": true,
      "license": "MIT",
      "optional": true,
      "os": [
        "linux"
      ],
      "engines": {
        "node": ">= 16"
      }
    },
    "node_modules/@versatiles/versatiles-rs-linux-x64-gnu": {
      "version": "4.6.0",
      "resolved": "https://registry.npmjs.org/@versatiles/versatiles-rs-linux-x64-gnu/-/versatiles-rs-linux-x64-gnu-4.6.0.tgz",
      "integrity": "sha512-eky15aoZ28YrKMrFXXz1PvNsj/IvOr+FeSFZnA3LT5/r+5UMvZDbefgADzAiOv0zJyHQuVogtB04f3xYxay1Yg==",
      "cpu": [
        "x64"
      ],
      "dev": true,
      "license": "MIT",
      "optional": true,
      "os": [
        "linux"
      ],
      "engines": {
        "node": ">= 16"
      }
    },
    "node_modules/@versatiles/versatiles-rs-linux-x64-musl": {
      "version": "4.6.0",
      "resolved": "https://registry.npmjs.org/@versatiles/versatiles-rs-linux-x64-musl/-/versatiles-rs-linux-x64-musl-4.6.0.tgz",
      "integrity": "sha512-D9zMe3m6SEb0yjQ67kJyDznonQ9iACl1rJRA/SlBDGgRlscIuoIdUXxbfSOO2Bi/So+KZEwZLJkmiEf1Hf5miQ==",
      "cpu": [
        "x64"
      ],
      "dev": true,
      "license": "MIT",
      "optional": true,
      "os": [
        "linux"
      ],
      "engines": {
        "node": ">= 16"
      }
    },
    "node_modules/@versatiles/versatiles-rs-win32-arm64-msvc": {
      "version": "4.6.0",
      "resolved": "https://registry.npmjs.org/@versatiles/versatiles-rs-win32-arm64-msvc/-/versatiles-rs-win32-arm64-msvc-4.6.0.tgz",
      "integrity": "sha512-pS7XLMltEfA1kQ1Fxo27YeKyRq3Z5Zf6YjRAEZ2MYkUS1QebACeDR7EobUcPrhXh7QnM+onw0Qls5yYq0WMTcA==",
      "cpu": [
        "arm64"
      ],
      "dev": true,
      "license": "MIT",
      "optional": true,
      "os": [
        "win32"
      ],
      "engines": {
        "node": ">= 16"
      }
    },
    "node_modules/@versatiles/versatiles-rs-win32-x64-msvc": {
      "version": "4.6.0",
      "resolved": "https://registry.npmjs.org/@versatiles/versatiles-rs-win32-x64-msvc/-/versatiles-rs-win32-x64-msvc-4.6.0.tgz",
      "integrity": "sha512-FXGptlmUUeBMlTFDNmrHKvTwu06E/izFE6G/jgla/q3qw3yFBzuQI1LpH8+H/OREKQc8CLfwgay4MOYEIVt4HQ==",
      "cpu": [
        "x64"
      ],
      "dev": true,
      "license": "MIT",
      "optional": true,
      "os": [
        "win32"
      ],
      "engines": {
        "node": ">= 16"
      }
    }
  }
}
